// !$*UTF8*$!
{
	archiveVersion = 1;
	classes = {
	};
	objectVersion = 50;
	objects = {

/* Begin PBXBuildFile section */
		1802775B24C6C44D003E0A10 /* AppDelegate.swift in Sources */ = {isa = PBXBuildFile; fileRef = 1802775A24C6C44D003E0A10 /* AppDelegate.swift */; };
		1802775D24C6C44D003E0A10 /* SceneDelegate.swift in Sources */ = {isa = PBXBuildFile; fileRef = 1802775C24C6C44D003E0A10 /* SceneDelegate.swift */; };
		1802775F24C6C44D003E0A10 /* ViewController.swift in Sources */ = {isa = PBXBuildFile; fileRef = 1802775E24C6C44D003E0A10 /* ViewController.swift */; };
		1802776224C6C44D003E0A10 /* Main.storyboard in Resources */ = {isa = PBXBuildFile; fileRef = 1802776024C6C44D003E0A10 /* Main.storyboard */; };
		1802776424C6C453003E0A10 /* Assets.xcassets in Resources */ = {isa = PBXBuildFile; fileRef = 1802776324C6C453003E0A10 /* Assets.xcassets */; };
		1802776724C6C453003E0A10 /* LaunchScreen.storyboard in Resources */ = {isa = PBXBuildFile; fileRef = 1802776524C6C453003E0A10 /* LaunchScreen.storyboard */; };
		1802776F24C70FBB003E0A10 /* NewViewController.swift in Sources */ = {isa = PBXBuildFile; fileRef = 1802776E24C70FBB003E0A10 /* NewViewController.swift */; };
		1873772524CAC49500158777 /* scroll.xib in Resources */ = {isa = PBXBuildFile; fileRef = 1873772424CAC49500158777 /* scroll.xib */; };
		1873772724CAC4C100158777 /* scrollView.swift in Sources */ = {isa = PBXBuildFile; fileRef = 1873772624CAC4C100158777 /* scrollView.swift */; };
		18C6898524C9B3A600F2FB15 /* PartialRegistration.swift in Sources */ = {isa = PBXBuildFile; fileRef = 18C6898424C9B3A600F2FB15 /* PartialRegistration.swift */; };
		18C6898724C9BFDD00F2FB15 /* OnbordingViewController.swift in Sources */ = {isa = PBXBuildFile; fileRef = 18C6898624C9BFDD00F2FB15 /* OnbordingViewController.swift */; };
		18EF8B0124CC0E61007AC99F /* OTPViewController.swift in Sources */ = {isa = PBXBuildFile; fileRef = 18EF8B0024CC0E61007AC99F /* OTPViewController.swift */; };
		18EF8B0224CC1261007AC99F /* Quicksand-VariableFont_wght.ttf in Resources */ = {isa = PBXBuildFile; fileRef = 185C7E9024CB178800ABD71E /* Quicksand-VariableFont_wght.ttf */; };
		18EF8B0424CC13E2007AC99F /* MuseoModerno-VariableFont_wght.ttf in Resources */ = {isa = PBXBuildFile; fileRef = 18EF8B0324CC12E5007AC99F /* MuseoModerno-VariableFont_wght.ttf */; };
/* End PBXBuildFile section */

/* Begin PBXFileReference section */
		1802775724C6C44D003E0A10 /* Meeraz.app */ = {isa = PBXFileReference; explicitFileType = wrapper.application; includeInIndex = 0; path = Meeraz.app; sourceTree = BUILT_PRODUCTS_DIR; };
		1802775A24C6C44D003E0A10 /* AppDelegate.swift */ = {isa = PBXFileReference; lastKnownFileType = sourcecode.swift; path = AppDelegate.swift; sourceTree = "<group>"; };
		1802775C24C6C44D003E0A10 /* SceneDelegate.swift */ = {isa = PBXFileReference; lastKnownFileType = sourcecode.swift; path = SceneDelegate.swift; sourceTree = "<group>"; };
		1802775E24C6C44D003E0A10 /* ViewController.swift */ = {isa = PBXFileReference; lastKnownFileType = sourcecode.swift; path = ViewController.swift; sourceTree = "<group>"; };
		1802776124C6C44D003E0A10 /* Base */ = {isa = PBXFileReference; lastKnownFileType = file.storyboard; name = Base; path = Base.lproj/Main.storyboard; sourceTree = "<group>"; };
		1802776324C6C453003E0A10 /* Assets.xcassets */ = {isa = PBXFileReference; lastKnownFileType = folder.assetcatalog; path = Assets.xcassets; sourceTree = "<group>"; };
		1802776624C6C453003E0A10 /* Base */ = {isa = PBXFileReference; lastKnownFileType = file.storyboard; name = Base; path = Base.lproj/LaunchScreen.storyboard; sourceTree = "<group>"; };
		1802776824C6C453003E0A10 /* Info.plist */ = {isa = PBXFileReference; lastKnownFileType = text.plist.xml; path = Info.plist; sourceTree = "<group>"; };
		1802776E24C70FBB003E0A10 /* NewViewController.swift */ = {isa = PBXFileReference; lastKnownFileType = sourcecode.swift; path = NewViewController.swift; sourceTree = "<group>"; };
		185C7E9024CB178800ABD71E /* Quicksand-VariableFont_wght.ttf */ = {isa = PBXFileReference; lastKnownFileType = file; path = "Quicksand-VariableFont_wght.ttf"; sourceTree = "<group>"; };
		1873772424CAC49500158777 /* scroll.xib */ = {isa = PBXFileReference; lastKnownFileType = file.xib; path = scroll.xib; sourceTree = "<group>"; };
		1873772624CAC4C100158777 /* scrollView.swift */ = {isa = PBXFileReference; lastKnownFileType = sourcecode.swift; path = scrollView.swift; sourceTree = "<group>"; };
		18C6898424C9B3A600F2FB15 /* PartialRegistration.swift */ = {isa = PBXFileReference; lastKnownFileType = sourcecode.swift; path = PartialRegistration.swift; sourceTree = "<group>"; };
		18C6898624C9BFDD00F2FB15 /* OnbordingViewController.swift */ = {isa = PBXFileReference; lastKnownFileType = sourcecode.swift; path = OnbordingViewController.swift; sourceTree = "<group>"; };
		18EF8B0024CC0E61007AC99F /* OTPViewController.swift */ = {isa = PBXFileReference; lastKnownFileType = sourcecode.swift; path = OTPViewController.swift; sourceTree = "<group>"; };
		18EF8B0324CC12E5007AC99F /* MuseoModerno-VariableFont_wght.ttf */ = {isa = PBXFileReference; lastKnownFileType = file; path = "MuseoModerno-VariableFont_wght.ttf"; sourceTree = "<group>"; };
/* End PBXFileReference section */

/* Begin PBXFrameworksBuildPhase section */
		1802775424C6C44D003E0A10 /* Frameworks */ = {
			isa = PBXFrameworksBuildPhase;
			buildActionMask = 2147483647;
			files = (
			);
			runOnlyForDeploymentPostprocessing = 0;
		};
/* End PBXFrameworksBuildPhase section */

/* Begin PBXGroup section */
		1802774E24C6C44D003E0A10 = {
			isa = PBXGroup;
			children = (
				1802775924C6C44D003E0A10 /* Meeraz */,
				1802775824C6C44D003E0A10 /* Products */,
			);
			sourceTree = "<group>";
		};
		1802775824C6C44D003E0A10 /* Products */ = {
			isa = PBXGroup;
			children = (
				1802775724C6C44D003E0A10 /* Meeraz.app */,
			);
			name = Products;
			sourceTree = "<group>";
		};
		1802775924C6C44D003E0A10 /* Meeraz */ = {
			isa = PBXGroup;
			children = (
				1802775A24C6C44D003E0A10 /* AppDelegate.swift */,
				1802775C24C6C44D003E0A10 /* SceneDelegate.swift */,
				1802775E24C6C44D003E0A10 /* ViewController.swift */,
				1802776E24C70FBB003E0A10 /* NewViewController.swift */,
				18C6898424C9B3A600F2FB15 /* PartialRegistration.swift */,
				18C6898624C9BFDD00F2FB15 /* OnbordingViewController.swift */,
				18EF8B0024CC0E61007AC99F /* OTPViewController.swift */,
				1873772624CAC4C100158777 /* scrollView.swift */,
				1873772424CAC49500158777 /* scroll.xib */,
				1802776024C6C44D003E0A10 /* Main.storyboard */,
				185C7E9024CB178800ABD71E /* Quicksand-VariableFont_wght.ttf */,
				18EF8B0324CC12E5007AC99F /* MuseoModerno-VariableFont_wght.ttf */,
				1802776324C6C453003E0A10 /* Assets.xcassets */,
				1802776524C6C453003E0A10 /* LaunchScreen.storyboard */,
				1802776824C6C453003E0A10 /* Info.plist */,
			);
			path = Meeraz;
			sourceTree = "<group>";
		};
/* End PBXGroup section */

/* Begin PBXNativeTarget section */
		1802775624C6C44D003E0A10 /* Meeraz */ = {
			isa = PBXNativeTarget;
			buildConfigurationList = 1802776B24C6C453003E0A10 /* Build configuration list for PBXNativeTarget "Meeraz" */;
			buildPhases = (
				1802775324C6C44D003E0A10 /* Sources */,
				1802775424C6C44D003E0A10 /* Frameworks */,
				1802775524C6C44D003E0A10 /* Resources */,
			);
			buildRules = (
			);
			dependencies = (
			);
			name = Meeraz;
			productName = Meeraz;
			productReference = 1802775724C6C44D003E0A10 /* Meeraz.app */;
			productType = "com.apple.product-type.application";
		};
/* End PBXNativeTarget section */

/* Begin PBXProject section */
		1802774F24C6C44D003E0A10 /* Project object */ = {
			isa = PBXProject;
			attributes = {
				LastSwiftUpdateCheck = 1150;
				LastUpgradeCheck = 1150;
				ORGANIZATIONNAME = coreApps;
				TargetAttributes = {
					1802775624C6C44D003E0A10 = {
						CreatedOnToolsVersion = 11.5;
					};
				};
			};
			buildConfigurationList = 1802775224C6C44D003E0A10 /* Build configuration list for PBXProject "Meeraz" */;
			compatibilityVersion = "Xcode 9.3";
			developmentRegion = en;
			hasScannedForEncodings = 0;
			knownRegions = (
				en,
				Base,
			);
			mainGroup = 1802774E24C6C44D003E0A10;
			productRefGroup = 1802775824C6C44D003E0A10 /* Products */;
			projectDirPath = "";
			projectRoot = "";
			targets = (
				1802775624C6C44D003E0A10 /* Meeraz */,
			);
		};
/* End PBXProject section */

/* Begin PBXResourcesBuildPhase section */
		1802775524C6C44D003E0A10 /* Resources */ = {
			isa = PBXResourcesBuildPhase;
			buildActionMask = 2147483647;
			files = (
				1802776724C6C453003E0A10 /* LaunchScreen.storyboard in Resources */,
				1802776424C6C453003E0A10 /* Assets.xcassets in Resources */,
				18EF8B0424CC13E2007AC99F /* MuseoModerno-VariableFont_wght.ttf in Resources */,
				1873772524CAC49500158777 /* scroll.xib in Resources */,
				18EF8B0224CC1261007AC99F /* Quicksand-VariableFont_wght.ttf in Resources */,
				1802776224C6C44D003E0A10 /* Main.storyboard in Resources */,
			);
			runOnlyForDeploymentPostprocessing = 0;
		};
/* End PBXResourcesBuildPhase section */

/* Begin PBXSourcesBuildPhase section */
		1802775324C6C44D003E0A10 /* Sources */ = {
			isa = PBXSourcesBuildPhase;
			buildActionMask = 2147483647;
			files = (
				1802775F24C6C44D003E0A10 /* ViewController.swift in Sources */,
				1802775B24C6C44D003E0A10 /* AppDelegate.swift in Sources */,
				18C6898524C9B3A600F2FB15 /* PartialRegistration.swift in Sources */,
				18C6898724C9BFDD00F2FB15 /* OnbordingViewController.swift in Sources */,
				18EF8B0124CC0E61007AC99F /* OTPViewController.swift in Sources */,
				1802775D24C6C44D003E0A10 /* SceneDelegate.swift in Sources */,
				1873772724CAC4C100158777 /* scrollView.swift in Sources */,
				1802776F24C70FBB003E0A10 /* NewViewController.swift in Sources */,
			);
			runOnlyForDeploymentPostprocessing = 0;
		};
/* End PBXSourcesBuildPhase section */

/* Begin PBXVariantGroup section */
		1802776024C6C44D003E0A10 /* Main.storyboard */ = {
			isa = PBXVariantGroup;
			children = (
				1802776124C6C44D003E0A10 /* Base */,
			);
			name = Main.storyboard;
			sourceTree = "<group>";
		};
		1802776524C6C453003E0A10 /* LaunchScreen.storyboard */ = {
			isa = PBXVariantGroup;
			children = (
				1802776624C6C453003E0A10 /* Base */,
			);
			name = LaunchScreen.storyboard;
			sourceTree = "<group>";
		};
/* End PBXVariantGroup section */

/* Begin XCBuildConfiguration section */
		1802776924C6C453003E0A10 /* Debug */ = {
			isa = XCBuildConfiguration;
			buildSettings = {
				ALWAYS_SEARCH_USER_PATHS = NO;
				CLANG_ANALYZER_NONNULL = YES;
				CLANG_ANALYZER_NUMBER_OBJECT_CONVERSION = YES_AGGRESSIVE;
				CLANG_CXX_LANGUAGE_STANDARD = "gnu++14";
				CLANG_CXX_LIBRARY = "libc++";
				CLANG_ENABLE_MODULES = YES;
				CLANG_ENABLE_OBJC_ARC = YES;
				CLANG_ENABLE_OBJC_WEAK = YES;
				CLANG_WARN_BLOCK_CAPTURE_AUTORELEASING = YES;
				CLANG_WARN_BOOL_CONVERSION = YES;
				CLANG_WARN_COMMA = YES;
				CLANG_WARN_CONSTANT_CONVERSION = YES;
				CLANG_WARN_DEPRECATED_OBJC_IMPLEMENTATIONS = YES;
				CLANG_WARN_DIRECT_OBJC_ISA_USAGE = YES_ERROR;
				CLANG_WARN_DOCUMENTATION_COMMENTS = YES;
				CLANG_WARN_EMPTY_BODY = YES;
				CLANG_WARN_ENUM_CONVERSION = YES;
				CLANG_WARN_INFINITE_RECURSION = YES;
				CLANG_WARN_INT_CONVERSION = YES;
				CLANG_WARN_NON_LITERAL_NULL_CONVERSION = YES;
				CLANG_WARN_OBJC_IMPLICIT_RETAIN_SELF = YES;
				CLANG_WARN_OBJC_LITERAL_CONVERSION = YES;
				CLANG_WARN_OBJC_ROOT_CLASS = YES_ERROR;
				CLANG_WARN_RANGE_LOOP_ANALYSIS = YES;
				CLANG_WARN_STRICT_PROTOTYPES = YES;
				CLANG_WARN_SUSPICIOUS_MOVE = YES;
				CLANG_WARN_UNGUARDED_AVAILABILITY = YES_AGGRESSIVE;
				CLANG_WARN_UNREACHABLE_CODE = YES;
				CLANG_WARN__DUPLICATE_METHOD_MATCH = YES;
				COPY_PHASE_STRIP = NO;
				DEBUG_INFORMATION_FORMAT = dwarf;
				ENABLE_STRICT_OBJC_MSGSEND = YES;
				ENABLE_TESTABILITY = YES;
				GCC_C_LANGUAGE_STANDARD = gnu11;
				GCC_DYNAMIC_NO_PIC = NO;
				GCC_NO_COMMON_BLOCKS = YES;
				GCC_OPTIMIZATION_LEVEL = 0;
				GCC_PREPROCESSOR_DEFINITIONS = (
					"DEBUG=1",
					"$(inherited)",
				);
				GCC_WARN_64_TO_32_BIT_CONVERSION = YES;
				GCC_WARN_ABOUT_RETURN_TYPE = YES_ERROR;
				GCC_WARN_UNDECLARED_SELECTOR = YES;
				GCC_WARN_UNINITIALIZED_AUTOS = YES_AGGRESSIVE;
				GCC_WARN_UNUSED_FUNCTION = YES;
				GCC_WARN_UNUSED_VARIABLE = YES;
				IPHONEOS_DEPLOYMENT_TARGET = 13.5;
				MTL_ENABLE_DEBUG_INFO = INCLUDE_SOURCE;
				MTL_FAST_MATH = YES;
				ONLY_ACTIVE_ARCH = YES;
				SDKROOT = iphoneos;
				SWIFT_ACTIVE_COMPILATION_CONDITIONS = DEBUG;
				SWIFT_OPTIMIZATION_LEVEL = "-Onone";
			};
			name = Debug;
		};
		1802776A24C6C453003E0A10 /* Release */ = {
			isa = XCBuildConfiguration;
			buildSettings = {
				ALWAYS_SEARCH_USER_PATHS = NO;
				CLANG_ANALYZER_NONNULL = YES;
				CLANG_ANALYZER_NUMBER_OBJECT_CONVERSION = YES_AGGRESSIVE;
				CLANG_CXX_LANGUAGE_STANDARD = "gnu++14";
				CLANG_CXX_LIBRARY = "libc++";
				CLANG_ENABLE_MODULES = YES;
				CLANG_ENABLE_OBJC_ARC = YES;
				CLANG_ENABLE_OBJC_WEAK = YES;
				CLANG_WARN_BLOCK_CAPTURE_AUTORELEASING = YES;
				CLANG_WARN_BOOL_CONVERSION = YES;
				CLANG_WARN_COMMA = YES;
				CLANG_WARN_CONSTANT_CONVERSION = YES;
				CLANG_WARN_DEPRECATED_OBJC_IMPLEMENTATIONS = YES;
				CLANG_WARN_DIRECT_OBJC_ISA_USAGE = YES_ERROR;
				CLANG_WARN_DOCUMENTATION_COMMENTS = YES;
				CLANG_WARN_EMPTY_BODY = YES;
				CLANG_WARN_ENUM_CONVERSION = YES;
				CLANG_WARN_INFINITE_RECURSION = YES;
				CLANG_WARN_INT_CONVERSION = YES;
				CLANG_WARN_NON_LITERAL_NULL_CONVERSION = YES;
				CLANG_WARN_OBJC_IMPLICIT_RETAIN_SELF = YES;
				CLANG_WARN_OBJC_LITERAL_CONVERSION = YES;
				CLANG_WARN_OBJC_ROOT_CLASS = YES_ERROR;
				CLANG_WARN_RANGE_LOOP_ANALYSIS = YES;
				CLANG_WARN_STRICT_PROTOTYPES = YES;
				CLANG_WARN_SUSPICIOUS_MOVE = YES;
				CLANG_WARN_UNGUARDED_AVAILABILITY = YES_AGGRESSIVE;
				CLANG_WARN_UNREACHABLE_CODE = YES;
				CLANG_WARN__DUPLICATE_METHOD_MATCH = YES;
				COPY_PHASE_STRIP = NO;
				DEBUG_INFORMATION_FORMAT = "dwarf-with-dsym";
				ENABLE_NS_ASSERTIONS = NO;
				ENABLE_STRICT_OBJC_MSGSEND = YES;
				GCC_C_LANGUAGE_STANDARD = gnu11;
				GCC_NO_COMMON_BLOCKS = YES;
				GCC_WARN_64_TO_32_BIT_CONVERSION = YES;
				GCC_WARN_ABOUT_RETURN_TYPE = YES_ERROR;
				GCC_WARN_UNDECLARED_SELECTOR = YES;
				GCC_WARN_UNINITIALIZED_AUTOS = YES_AGGRESSIVE;
				GCC_WARN_UNUSED_FUNCTION = YES;
				GCC_WARN_UNUSED_VARIABLE = YES;
				IPHONEOS_DEPLOYMENT_TARGET = 13.5;
				MTL_ENABLE_DEBUG_INFO = NO;
				MTL_FAST_MATH = YES;
				SDKROOT = iphoneos;
				SWIFT_COMPILATION_MODE = wholemodule;
				SWIFT_OPTIMIZATION_LEVEL = "-O";
				VALIDATE_PRODUCT = YES;
			};
			name = Release;
		};
		1802776C24C6C453003E0A10 /* Debug */ = {
			isa = XCBuildConfiguration;
			buildSettings = {
				ASSETCATALOG_COMPILER_APPICON_NAME = AppIcon;
				CODE_SIGN_STYLE = Automatic;
				DEVELOPMENT_TEAM = G2KVZU6A6S;
				INFOPLIST_FILE = Meeraz/Info.plist;
				LD_RUNPATH_SEARCH_PATHS = (
					"$(inherited)",
					"@executable_path/Frameworks",
				);
				PRODUCT_BUNDLE_IDENTIFIER = coreApps.meeraz.com.Meeraz;
				PRODUCT_NAME = "$(TARGET_NAME)";
				SWIFT_VERSION = 5.0;
				TARGETED_DEVICE_FAMILY = "1,2";
			};
			name = Debug;
		};
		1802776D24C6C453003E0A10 /* Release */ = {
			isa = XCBuildConfiguration;
			buildSettings = {
				ASSETCATALOG_COMPILER_APPICON_NAME = AppIcon;
				CODE_SIGN_STYLE = Automatic;
				DEVELOPMENT_TEAM = G2KVZU6A6S;
				INFOPLIST_FILE = Meeraz/Info.plist;
				LD_RUNPATH_SEARCH_PATHS = (
					"$(inherited)",
					"@executable_path/Frameworks",
				);
				PRODUCT_BUNDLE_IDENTIFIER = coreApps.meeraz.com.Meeraz;
				PRODUCT_NAME = "$(TARGET_NAME)";
				SWIFT_VERSION = 5.0;
				TARGETED_DEVICE_FAMILY = "1,2";
			};
			name = Release;
		};
/* End XCBuildConfiguration section */

/* Begin XCConfigurationList section */
		1802775224C6C44D003E0A10 /* Build configuration list for PBXProject "Meeraz" */ = {
			isa = XCConfigurationList;
			buildConfigurations = (
				1802776924C6C453003E0A10 /* Debug */,
				1802776A24C6C453003E0A10 /* Release */,
			);
			defaultConfigurationIsVisible = 0;
			defaultConfigurationName = Release;
		};
		1802776B24C6C453003E0A10 /* Build configuration list for PBXNativeTarget "Meeraz" */ = {
			isa = XCConfigurationList;
			buildConfigurations = (
				1802776C24C6C453003E0A10 /* Debug */,
				1802776D24C6C453003E0A10 /* Release */,
			);
			defaultConfigurationIsVisible = 0;
			defaultConfigurationName = Release;
		};
/* End XCConfigurationList section */
	};
	rootObject = 1802774F24C6C44D003E0A10 /* Project object */;
}
